
Microsoft Visual Studio Solution File, Format Version 12.00
# Visual Studio Version 17
VisualStudioVersion = 17.14.36518.9 d17.14
MinimumVisualStudioVersion = 10.0.40219.1
Project("{FAE04EC0-301F-11D3-BF4B-00C04F79EFBC}") = "OwlEdu-Manager-Server", "OwlEdu-Manager-Server\OwlEdu-Manager-Server.csproj", "{8D7B9901-7029-4114-804C-C7F28BF8E697}"
EndProject
Global
	GlobalSection(SolutionConfigurationPlatforms) = preSolution
		Debug|Any CPU = Debug|Any CPU
		Release|Any CPU = Release|Any CPU
	EndGlobalSection
	GlobalSection(ProjectConfigurationPlatforms) = postSolution
		{8D7B9901-7029-4114-804C-C7F28BF8E697}.Debug|Any CPU.ActiveCfg = Debug|Any CPU
		{8D7B9901-7029-4114-804C-C7F28BF8E697}.Debug|Any CPU.Build.0 = Debug|Any CPU
		{8D7B9901-7029-4114-804C-C7F28BF8E697}.Release|Any CPU.ActiveCfg = Release|Any CPU
		{8D7B9901-7029-4114-804C-C7F28BF8E697}.Release|Any CPU.Build.0 = Release|Any CPU
	EndGlobalSection
	GlobalSection(SolutionProperties) = preSolution
		HideSolutionNode = FALSE
	EndGlobalSection
	GlobalSection(ExtensibilityGlobals) = postSolution
		SolutionGuid = {6E477A99-5C9E-4B0D-B7BE-63046F7B5431}
	EndGlobalSection
EndGlobal
